# Auto-generated by scripts/_gen_locks.py — the full transitive
# closure of the direct deps in the sibling requirements.txt as
# resolved on the dev machine at lock time. Regenerate after any
# requirements.txt change. Do NOT hand-edit.
# Direct deps: requests, python-frontmatter, PyYAML, ollama, watchdog, Flask, Flask-Cors, Werkzeug
annotated-types==0.7.0
anyio==4.14.0
blinker==1.9.0
certifi==2026.5.20
charset_normalizer==3.4.7
click==8.4.1
colorama==0.4.4
exceptiongroup==1.3.1
flask==3.1.3
flask-cors==6.0.5
h11==0.16.0
httpcore==1.0.9
httpx==0.28.1
idna==3.18
importlib-metadata==4.6.4
itsdangerous==2.2.0
jinja2==3.1.6
markupsafe==3.0.3
ollama==0.6.2
pydantic==2.13.4
pydantic-core==2.46.4
python-frontmatter==1.1.0
pyyaml==6.0.3
requests==2.34.2
typing-extensions==4.15.0
typing-inspection==0.4.2
typing_extensions==4.15.0
tzdata==2026.2
urllib3==2.7.0
watchdog==6.0.0
werkzeug==3.1.8
