# Auto-generated by scripts/_gen_locks.py — the full transitive
# closure of the direct deps in the sibling requirements.txt as
# resolved on the dev machine at lock time. Regenerate after any
# requirements.txt change. Do NOT hand-edit.
# Direct deps: fastapi, uvicorn, chromadb, pydantic, requests, python-multipart
annotated-doc==0.0.4
annotated-types==0.7.0
anyio==3.7.1
attrs==25.4.0
bcrypt==5.0.0
build==1.5.0
certifi==2026.1.4
charset_normalizer==3.4.4
chromadb==1.5.9
click==8.3.1
colorama==0.4.6
coloredlogs==15.0.1
durationpy==0.10
exceptiongroup==1.3.1
fastapi==0.136.1
flatbuffers==25.12.19
googleapis-common-protos==1.75.0
grpcio==1.76.0
h11==0.16.0
httpcore==1.0.9
httpx==0.28.1
idna==3.11
importlib-metadata==8.7.1
importlib-resources==6.5.2
jsonschema==4.26.0
jsonschema-specifications==2025.9.1
kubernetes==35.0.0
mmh3==5.2.1
mpmath==1.3.0
numpy==1.23.5
oauthlib==3.3.1
onnxruntime==1.23.2
opentelemetry-api==1.41.1
opentelemetry-exporter-otlp-proto-common==1.41.1
opentelemetry-exporter-otlp-proto-grpc==1.41.1
opentelemetry-proto==1.41.1
opentelemetry-sdk==1.41.1
opentelemetry-semantic-conventions==0.62b1
orjson==3.11.6
overrides==7.7.0
packaging==26.0
protobuf==6.33.6
pybase64==1.4.3
pydantic==2.13.4
pydantic-core==2.46.4
pydantic-settings==2.14.1
pypika==0.51.1
pyproject_hooks==1.2.0
python-dateutil==2.9.0.post0
python-dotenv==1.2.2
python-multipart==0.0.28
pyyaml==6.0.3
referencing==0.37.0
requests==2.34.2
requests-oauthlib==2.0.0
rich==15.0.0
rpds-py==0.30.0
shellingham==1.5.4
six==1.17.0
starlette==1.0.0
sympy==1.14.0
tenacity==9.1.4
tokenizers==0.13.3
tomli==2.4.0
tqdm==4.67.1
typer==0.25.1
typing-extensions==4.15.0
typing-inspection==0.4.2
typing_extensions==4.15.0
tzdata==2025.3
urllib3==2.6.3
uvicorn==0.47.0
websocket-client==1.9.0
zipp==3.23.0
